// !$*UTF8*$!
{
	archiveVersion = 1;
	classes = {
	};
	objectVersion = 50;
	objects = {

/* Begin PBXBuildFile section */
		46506251228BD9520083BF0D /* AppDelegate.swift in Sources */ = {isa = PBXBuildFile; fileRef = 46506250228BD9520083BF0D /* AppDelegate.swift */; };
		46506253228BD9520083BF0D /* ViewController.swift in Sources */ = {isa = PBXBuildFile; fileRef = 46506252228BD9520083BF0D /* ViewController.swift */; };
		46506256228BD9520083BF0D /* Main.storyboard in Resources */ = {isa = PBXBuildFile; fileRef = 46506254228BD9520083BF0D /* Main.storyboard */; };
		46506258228BD9530083BF0D /* Assets.xcassets in Resources */ = {isa = PBXBuildFile; fileRef = 46506257228BD9530083BF0D /* Assets.xcassets */; };
		4650625B228BD9530083BF0D /* LaunchScreen.storyboard in Resources */ = {isa = PBXBuildFile; fileRef = 46506259228BD9530083BF0D /* LaunchScreen.storyboard */; };
		46506263228BDD2C0083BF0D /* Font.swift in Sources */ = {isa = PBXBuildFile; fileRef = 46506262228BDD2C0083BF0D /* Font.swift */; };
		990C6327E7708C44D407716A /* Pods_DSFont.framework in Frameworks */ = {isa = PBXBuildFile; fileRef = BF8E31FDF17C8B900FA33C39 /* Pods_DSFont.framework */; };
/* End PBXBuildFile section */

/* Begin PBXFileReference section */
		1D0A2B014A2ED3A1A01B0CDE /* Pods-DSFont.release.xcconfig */ = {isa = PBXFileReference; includeInIndex = 1; lastKnownFileType = text.xcconfig; name = "Pods-DSFont.release.xcconfig"; path = "Target Support Files/Pods-DSFont/Pods-DSFont.release.xcconfig"; sourceTree = "<group>"; };
		4650624D228BD9520083BF0D /* DSFont.app */ = {isa = PBXFileReference; explicitFileType = wrapper.application; includeInIndex = 0; path = DSFont.app; sourceTree = BUILT_PRODUCTS_DIR; };
		46506250228BD9520083BF0D /* AppDelegate.swift */ = {isa = PBXFileReference; lastKnownFileType = sourcecode.swift; path = AppDelegate.swift; sourceTree = "<group>"; };
		46506252228BD9520083BF0D /* ViewController.swift */ = {isa = PBXFileReference; lastKnownFileType = sourcecode.swift; path = ViewController.swift; sourceTree = "<group>"; };
		46506255228BD9520083BF0D /* Base */ = {isa = PBXFileReference; lastKnownFileType = file.storyboard; name = Base; path = Base.lproj/Main.storyboard; sourceTree = "<group>"; };
		46506257228BD9530083BF0D /* Assets.xcassets */ = {isa = PBXFileReference; lastKnownFileType = folder.assetcatalog; path = Assets.xcassets; sourceTree = "<group>"; };
		4650625A228BD9530083BF0D /* Base */ = {isa = PBXFileReference; lastKnownFileType = file.storyboard; name = Base; path = Base.lproj/LaunchScreen.storyboard; sourceTree = "<group>"; };
		4650625C228BD9530083BF0D /* Info.plist */ = {isa = PBXFileReference; lastKnownFileType = text.plist.xml; path = Info.plist; sourceTree = "<group>"; };
		46506262228BDD2C0083BF0D /* Font.swift */ = {isa = PBXFileReference; lastKnownFileType = sourcecode.swift; path = Font.swift; sourceTree = "<group>"; };
		B2C9281FAC361324379438AC /* Pods-DSFont.debug.xcconfig */ = {isa = PBXFileReference; includeInIndex = 1; lastKnownFileType = text.xcconfig; name = "Pods-DSFont.debug.xcconfig"; path = "Target Support Files/Pods-DSFont/Pods-DSFont.debug.xcconfig"; sourceTree = "<group>"; };
		BF8E31FDF17C8B900FA33C39 /* Pods_DSFont.framework */ = {isa = PBXFileReference; explicitFileType = wrapper.framework; includeInIndex = 0; path = Pods_DSFont.framework; sourceTree = BUILT_PRODUCTS_DIR; };
/* End PBXFileReference section */

/* Begin PBXFrameworksBuildPhase section */
		4650624A228BD9520083BF0D /* Frameworks */ = {
			isa = PBXFrameworksBuildPhase;
			buildActionMask = 2147483647;
			files = (
				990C6327E7708C44D407716A /* Pods_DSFont.framework in Frameworks */,
			);
			runOnlyForDeploymentPostprocessing = 0;
		};
/* End PBXFrameworksBuildPhase section */

/* Begin PBXGroup section */
		46506244228BD9520083BF0D = {
			isa = PBXGroup;
			children = (
				4650624F228BD9520083BF0D /* DSFont */,
				4650624E228BD9520083BF0D /* Products */,
				7583F54D667EDA0C7D2B907E /* Pods */,
				4DD97C39A11BE1FFF980FE0A /* Frameworks */,
			);
			sourceTree = "<group>";
		};
		4650624E228BD9520083BF0D /* Products */ = {
			isa = PBXGroup;
			children = (
				4650624D228BD9520083BF0D /* DSFont.app */,
			);
			name = Products;
			sourceTree = "<group>";
		};
		4650624F228BD9520083BF0D /* DSFont */ = {
			isa = PBXGroup;
			children = (
				46506250228BD9520083BF0D /* AppDelegate.swift */,
				46506252228BD9520083BF0D /* ViewController.swift */,
				46506254228BD9520083BF0D /* Main.storyboard */,
				46506257228BD9530083BF0D /* Assets.xcassets */,
				46506259228BD9530083BF0D /* LaunchScreen.storyboard */,
				4650625C228BD9530083BF0D /* Info.plist */,
				46506262228BDD2C0083BF0D /* Font.swift */,
			);
			path = DSFont;
			sourceTree = "<group>";
		};
		4DD97C39A11BE1FFF980FE0A /* Frameworks */ = {
			isa = PBXGroup;
			children = (
				BF8E31FDF17C8B900FA33C39 /* Pods_DSFont.framework */,
			);
			name = Frameworks;
			sourceTree = "<group>";
		};
		7583F54D667EDA0C7D2B907E /* Pods */ = {
			isa = PBXGroup;
			children = (
				B2C9281FAC361324379438AC /* Pods-DSFont.debug.xcconfig */,
				1D0A2B014A2ED3A1A01B0CDE /* Pods-DSFont.release.xcconfig */,
			);
			name = Pods;
			path = Pods;
			sourceTree = "<group>";
		};
/* End PBXGroup section */

/* Begin PBXNativeTarget section */
		4650624C228BD9520083BF0D /* DSFont */ = {
			isa = PBXNativeTarget;
			buildConfigurationList = 4650625F228BD9530083BF0D /* Build configuration list for PBXNativeTarget "DSFont" */;
			buildPhases = (
				6D10F19860EA03706A6EBC82 /* [CP] Check Pods Manifest.lock */,
				46506249228BD9520083BF0D /* Sources */,
				4650624A228BD9520083BF0D /* Frameworks */,
				4650624B228BD9520083BF0D /* Resources */,
				C9EE6777875D4690A0F49B10 /* [CP] Embed Pods Frameworks */,
			);
			buildRules = (
			);
			dependencies = (
			);
			name = DSFont;
			productName = DSFont;
			productReference = 4650624D228BD9520083BF0D /* DSFont.app */;
			productType = "com.apple.product-type.application";
		};
/* End PBXNativeTarget section */

/* Begin PBXProject section */
		46506245228BD9520083BF0D /* Project object */ = {
			isa = PBXProject;
			attributes = {
				LastSwiftUpdateCheck = 1020;
				LastUpgradeCheck = 1020;
				ORGANIZATIONNAME = "Dimitar Stefanovski";
				TargetAttributes = {
					4650624C228BD9520083BF0D = {
						CreatedOnToolsVersion = 10.2.1;
					};
				};
			};
			buildConfigurationList = 46506248228BD9520083BF0D /* Build configuration list for PBXProject "DSFont" */;
			compatibilityVersion = "Xcode 9.3";
			developmentRegion = en;
			hasScannedForEncodings = 0;
			knownRegions = (
				en,
				Base,
			);
			mainGroup = 46506244228BD9520083BF0D;
			productRefGroup = 4650624E228BD9520083BF0D /* Products */;
			projectDirPath = "";
			projectRoot = "";
			targets = (
				4650624C228BD9520083BF0D /* DSFont */,
			);
		};
/* End PBXProject section */

/* Begin PBXResourcesBuildPhase section */
		4650624B228BD9520083BF0D /* Resources */ = {
			isa = PBXResourcesBuildPhase;
			buildActionMask = 2147483647;
			files = (
				4650625B228BD9530083BF0D /* LaunchScreen.storyboard in Resources */,
				46506258228BD9530083BF0D /* Assets.xcassets in Resources */,
				46506256228BD9520083BF0D /* Main.storyboard in Resources */,
			);
			runOnlyForDeploymentPostprocessing = 0;
		};
/* End PBXResourcesBuildPhase section */

/* Begin PBXShellScriptBuildPhase section */
		6D10F19860EA03706A6EBC82 /* [CP] Check Pods Manifest.lock */ = {
			isa = PBXShellScriptBuildPhase;
			buildActionMask = 2147483647;
			files = (
			);
			inputFileListPaths = (
			);
			inputPaths = (
				"${PODS_PODFILE_DIR_PATH}/Podfile.lock",
				"${PODS_ROOT}/Manifest.lock",
			);
			name = "[CP] Check Pods Manifest.lock";
			outputFileListPaths = (
			);
			outputPaths = (
				"$(DERIVED_FILE_DIR)/Pods-DSFont-checkManifestLockResult.txt",
			);
			runOnlyForDeploymentPostprocessing = 0;
			shellPath = /bin/sh;
			shellScript = "diff \"${PODS_PODFILE_DIR_PATH}/Podfile.lock\" \"${PODS_ROOT}/Manifest.lock\" > /dev/null\nif [ $? != 0 ] ; then\n    # print error to STDERR\n    echo \"error: The sandbox is not in sync with the Podfile.lock. Run 'pod install' or update your CocoaPods installation.\" >&2\n    exit 1\nfi\n# This output is used by Xcode 'outputs' to avoid re-running this script phase.\necho \"SUCCESS\" > \"${SCRIPT_OUTPUT_FILE_0}\"\n";
			showEnvVarsInLog = 0;
		};
		C9EE6777875D4690A0F49B10 /* [CP] Embed Pods Frameworks */ = {
			isa = PBXShellScriptBuildPhase;
			buildActionMask = 2147483647;
			files = (
			);
			inputFileListPaths = (
				"${PODS_ROOT}/Target Support Files/Pods-DSFont/Pods-DSFont-frameworks-${CONFIGURATION}-input-files.xcfilelist",
			);
			name = "[CP] Embed Pods Frameworks";
			outputFileListPaths = (
				"${PODS_ROOT}/Target Support Files/Pods-DSFont/Pods-DSFont-frameworks-${CONFIGURATION}-output-files.xcfilelist",
			);
			runOnlyForDeploymentPostprocessing = 0;
			shellPath = /bin/sh;
			shellScript = "\"${PODS_ROOT}/Target Support Files/Pods-DSFont/Pods-DSFont-frameworks.sh\"\n";
			showEnvVarsInLog = 0;
		};
/* End PBXShellScriptBuildPhase section */

/* Begin PBXSourcesBuildPhase section */
		46506249228BD9520083BF0D /* Sources */ = {
			isa = PBXSourcesBuildPhase;
			buildActionMask = 2147483647;
			files = (
				46506253228BD9520083BF0D /* ViewController.swift in Sources */,
				46506251228BD9520083BF0D /* AppDelegate.swift in Sources */,
				46506263228BDD2C0083BF0D /* Font.swift in Sources */,
			);
			runOnlyForDeploymentPostprocessing = 0;
		};
/* End PBXSourcesBuildPhase section */

/* Begin PBXVariantGroup section */
		46506254228BD9520083BF0D /* Main.storyboard */ = {
			isa = PBXVariantGroup;
			children = (
				46506255228BD9520083BF0D /* Base */,
			);
			name = Main.storyboard;
			sourceTree = "<group>";
		};
		46506259228BD9530083BF0D /* LaunchScreen.storyboard */ = {
			isa = PBXVariantGroup;
			children = (
				4650625A228BD9530083BF0D /* Base */,
			);
			name = LaunchScreen.storyboard;
			sourceTree = "<group>";
		};
/* End PBXVariantGroup section */

/* Begin XCBuildConfiguration section */
		4650625D228BD9530083BF0D /* Debug */ = {
			isa = XCBuildConfiguration;
			buildSettings = {
				ALWAYS_SEARCH_USER_PATHS = NO;
				CLANG_ANALYZER_NONNULL = YES;
				CLANG_ANALYZER_NUMBER_OBJECT_CONVERSION = YES_AGGRESSIVE;
				CLANG_CXX_LANGUAGE_STANDARD = "gnu++14";
				CLANG_CXX_LIBRARY = "libc++";
				CLANG_ENABLE_MODULES = YES;
				CLANG_ENABLE_OBJC_ARC = YES;
				CLANG_ENABLE_OBJC_WEAK = YES;
				CLANG_WARN_BLOCK_CAPTURE_AUTORELEASING = YES;
				CLANG_WARN_BOOL_CONVERSION = YES;
				CLANG_WARN_COMMA = YES;
				CLANG_WARN_CONSTANT_CONVERSION = YES;
				CLANG_WARN_DEPRECATED_OBJC_IMPLEMENTATIONS = YES;
				CLANG_WARN_DIRECT_OBJC_ISA_USAGE = YES_ERROR;
				CLANG_WARN_DOCUMENTATION_COMMENTS = YES;
				CLANG_WARN_EMPTY_BODY = YES;
				CLANG_WARN_ENUM_CONVERSION = YES;
				CLANG_WARN_INFINITE_RECURSION = YES;
				CLANG_WARN_INT_CONVERSION = YES;
				CLANG_WARN_NON_LITERAL_NULL_CONVERSION = YES;
				CLANG_WARN_OBJC_IMPLICIT_RETAIN_SELF = YES;
				CLANG_WARN_OBJC_LITERAL_CONVERSION = YES;
				CLANG_WARN_OBJC_ROOT_CLASS = YES_ERROR;
				CLANG_WARN_RANGE_LOOP_ANALYSIS = YES;
				CLANG_WARN_STRICT_PROTOTYPES = YES;
				CLANG_WARN_SUSPICIOUS_MOVE = YES;
				CLANG_WARN_UNGUARDED_AVAILABILITY = YES_AGGRESSIVE;
				CLANG_WARN_UNREACHABLE_CODE = YES;
				CLANG_WARN__DUPLICATE_METHOD_MATCH = YES;
				CODE_SIGN_IDENTITY = "iPhone Developer";
				COPY_PHASE_STRIP = NO;
				DEBUG_INFORMATION_FORMAT = dwarf;
				ENABLE_STRICT_OBJC_MSGSEND = YES;
				ENABLE_TESTABILITY = YES;
				GCC_C_LANGUAGE_STANDARD = gnu11;
				GCC_DYNAMIC_NO_PIC = NO;
				GCC_NO_COMMON_BLOCKS = YES;
				GCC_OPTIMIZATION_LEVEL = 0;
				GCC_PREPROCESSOR_DEFINITIONS = (
					"DEBUG=1",
					"$(inherited)",
				);
				GCC_WARN_64_TO_32_BIT_CONVERSION = YES;
				GCC_WARN_ABOUT_RETURN_TYPE = YES_ERROR;
				GCC_WARN_UNDECLARED_SELECTOR = YES;
				GCC_WARN_UNINITIALIZED_AUTOS = YES_AGGRESSIVE;
				GCC_WARN_UNUSED_FUNCTION = YES;
				GCC_WARN_UNUSED_VARIABLE = YES;
				IPHONEOS_DEPLOYMENT_TARGET = 12.2;
				MTL_ENABLE_DEBUG_INFO = INCLUDE_SOURCE;
				MTL_FAST_MATH = YES;
				ONLY_ACTIVE_ARCH = YES;
				SDKROOT = iphoneos;
				SWIFT_ACTIVE_COMPILATION_CONDITIONS = DEBUG;
				SWIFT_OPTIMIZATION_LEVEL = "-Onone";
			};
			name = Debug;
		};
		4650625E228BD9530083BF0D /* Release */ = {
			isa = XCBuildConfiguration;
			buildSettings = {
				ALWAYS_SEARCH_USER_PATHS = NO;
				CLANG_ANALYZER_NONNULL = YES;
				CLANG_ANALYZER_NUMBER_OBJECT_CONVERSION = YES_AGGRESSIVE;
				CLANG_CXX_LANGUAGE_STANDARD = "gnu++14";
				CLANG_CXX_LIBRARY = "libc++";
				CLANG_ENABLE_MODULES = YES;
				CLANG_ENABLE_OBJC_ARC = YES;
				CLANG_ENABLE_OBJC_WEAK = YES;
				CLANG_WARN_BLOCK_CAPTURE_AUTORELEASING = YES;
				CLANG_WARN_BOOL_CONVERSION = YES;
				CLANG_WARN_COMMA = YES;
				CLANG_WARN_CONSTANT_CONVERSION = YES;
				CLANG_WARN_DEPRECATED_OBJC_IMPLEMENTATIONS = YES;
				CLANG_WARN_DIRECT_OBJC_ISA_USAGE = YES_ERROR;
				CLANG_WARN_DOCUMENTATION_COMMENTS = YES;
				CLANG_WARN_EMPTY_BODY = YES;
				CLANG_WARN_ENUM_CONVERSION = YES;
				CLANG_WARN_INFINITE_RECURSION = YES;
				CLANG_WARN_INT_CONVERSION = YES;
				CLANG_WARN_NON_LITERAL_NULL_CONVERSION = YES;
				CLANG_WARN_OBJC_IMPLICIT_RETAIN_SELF = YES;
				CLANG_WARN_OBJC_LITERAL_CONVERSION = YES;
				CLANG_WARN_OBJC_ROOT_CLASS = YES_ERROR;
				CLANG_WARN_RANGE_LOOP_ANALYSIS = YES;
				CLANG_WARN_STRICT_PROTOTYPES = YES;
				CLANG_WARN_SUSPICIOUS_MOVE = YES;
				CLANG_WARN_UNGUARDED_AVAILABILITY = YES_AGGRESSIVE;
				CLANG_WARN_UNREACHABLE_CODE = YES;
				CLANG_WARN__DUPLICATE_METHOD_MATCH = YES;
				CODE_SIGN_IDENTITY = "iPhone Developer";
				COPY_PHASE_STRIP = NO;
				DEBUG_INFORMATION_FORMAT = "dwarf-with-dsym";
				ENABLE_NS_ASSERTIONS = NO;
				ENABLE_STRICT_OBJC_MSGSEND = YES;
				GCC_C_LANGUAGE_STANDARD = gnu11;
				GCC_NO_COMMON_BLOCKS = YES;
				GCC_WARN_64_TO_32_BIT_CONVERSION = YES;
				GCC_WARN_ABOUT_RETURN_TYPE = YES_ERROR;
				GCC_WARN_UNDECLARED_SELECTOR = YES;
				GCC_WARN_UNINITIALIZED_AUTOS = YES_AGGRESSIVE;
				GCC_WARN_UNUSED_FUNCTION = YES;
				GCC_WARN_UNUSED_VARIABLE = YES;
				IPHONEOS_DEPLOYMENT_TARGET = 12.2;
				MTL_ENABLE_DEBUG_INFO = NO;
				MTL_FAST_MATH = YES;
				SDKROOT = iphoneos;
				SWIFT_COMPILATION_MODE = wholemodule;
				SWIFT_OPTIMIZATION_LEVEL = "-O";
				VALIDATE_PRODUCT = YES;
			};
			name = Release;
		};
		46506260228BD9530083BF0D /* Debug */ = {
			isa = XCBuildConfiguration;
			baseConfigurationReference = B2C9281FAC361324379438AC /* Pods-DSFont.debug.xcconfig */;
			buildSettings = {
				ASSETCATALOG_COMPILER_APPICON_NAME = AppIcon;
				CODE_SIGN_STYLE = Automatic;
				DEVELOPMENT_TEAM = Q3XKCXZU4K;
				INFOPLIST_FILE = DSFont/Info.plist;
				LD_RUNPATH_SEARCH_PATHS = (
					"$(inherited)",
					"@executable_path/Frameworks",
				);
				PRODUCT_BUNDLE_IDENTIFIER = co.stefanovski.DSFont;
				PRODUCT_NAME = "$(TARGET_NAME)";
				SWIFT_VERSION = 5.0;
				TARGETED_DEVICE_FAMILY = "1,2";
			};
			name = Debug;
		};
		46506261228BD9530083BF0D /* Release */ = {
			isa = XCBuildConfiguration;
			baseConfigurationReference = 1D0A2B014A2ED3A1A01B0CDE /* Pods-DSFont.release.xcconfig */;
			buildSettings = {
				ASSETCATALOG_COMPILER_APPICON_NAME = AppIcon;
				CODE_SIGN_STYLE = Automatic;
				DEVELOPMENT_TEAM = Q3XKCXZU4K;
				INFOPLIST_FILE = DSFont/Info.plist;
				LD_RUNPATH_SEARCH_PATHS = (
					"$(inherited)",
					"@executable_path/Frameworks",
				);
				PRODUCT_BUNDLE_IDENTIFIER = co.stefanovski.DSFont;
				PRODUCT_NAME = "$(TARGET_NAME)";
				SWIFT_VERSION = 5.0;
				TARGETED_DEVICE_FAMILY = "1,2";
			};
			name = Release;
		};
/* End XCBuildConfiguration section */

/* Begin XCConfigurationList section */
		46506248228BD9520083BF0D /* Build configuration list for PBXProject "DSFont" */ = {
			isa = XCConfigurationList;
			buildConfigurations = (
				4650625D228BD9530083BF0D /* Debug */,
				4650625E228BD9530083BF0D /* Release */,
			);
			defaultConfigurationIsVisible = 0;
			defaultConfigurationName = Release;
		};
		4650625F228BD9530083BF0D /* Build configuration list for PBXNativeTarget "DSFont" */ = {
			isa = XCConfigurationList;
			buildConfigurations = (
				46506260228BD9530083BF0D /* Debug */,
				46506261228BD9530083BF0D /* Release */,
			);
			defaultConfigurationIsVisible = 0;
			defaultConfigurationName = Release;
		};
/* End XCConfigurationList section */
	};
	rootObject = 46506245228BD9520083BF0D /* Project object */;
}
